
Microsoft Visual Studio Solution File, Format Version 12.00
# Visual Studio Version 16
VisualStudioVersion = 16.0.31105.61
MinimumVisualStudioVersion = 10.0.40219.1
Project("{FAE04EC0-301F-11D3-BF4B-00C04F79EFBC}") = "Task_1", "Task_1\Task_1.csproj", "{FBEC41B2-9AFE-4EA7-BB57-CB815C7D1831}"
EndProject
Project("{FAE04EC0-301F-11D3-BF4B-00C04F79EFBC}") = "Task_2", "Task_2\Task_2.csproj", "{38D8444F-F48E-4914-BEDA-93040975B797}"
EndProject
Project("{FAE04EC0-301F-11D3-BF4B-00C04F79EFBC}") = "Task_3", "Task_3\Task_3.csproj", "{BE383937-730F-477A-8E55-6F799C376227}"
EndProject
Global
	GlobalSection(SolutionConfigurationPlatforms) = preSolution
		Debug|Any CPU = Debug|Any CPU
		Release|Any CPU = Release|Any CPU
	EndGlobalSection
	GlobalSection(ProjectConfigurationPlatforms) = postSolution
		{FBEC41B2-9AFE-4EA7-BB57-CB815C7D1831}.Debug|Any CPU.ActiveCfg = Debug|Any CPU
		{FBEC41B2-9AFE-4EA7-BB57-CB815C7D1831}.Debug|Any CPU.Build.0 = Debug|Any CPU
		{FBEC41B2-9AFE-4EA7-BB57-CB815C7D1831}.Release|Any CPU.ActiveCfg = Release|Any CPU
		{FBEC41B2-9AFE-4EA7-BB57-CB815C7D1831}.Release|Any CPU.Build.0 = Release|Any CPU
		{38D8444F-F48E-4914-BEDA-93040975B797}.Debug|Any CPU.ActiveCfg = Debug|Any CPU
		{38D8444F-F48E-4914-BEDA-93040975B797}.Debug|Any CPU.Build.0 = Debug|Any CPU
		{38D8444F-F48E-4914-BEDA-93040975B797}.Release|Any CPU.ActiveCfg = Release|Any CPU
		{38D8444F-F48E-4914-BEDA-93040975B797}.Release|Any CPU.Build.0 = Release|Any CPU
		{BE383937-730F-477A-8E55-6F799C376227}.Debug|Any CPU.ActiveCfg = Debug|Any CPU
		{BE383937-730F-477A-8E55-6F799C376227}.Debug|Any CPU.Build.0 = Debug|Any CPU
		{BE383937-730F-477A-8E55-6F799C376227}.Release|Any CPU.ActiveCfg = Release|Any CPU
		{BE383937-730F-477A-8E55-6F799C376227}.Release|Any CPU.Build.0 = Release|Any CPU
	EndGlobalSection
	GlobalSection(SolutionProperties) = preSolution
		HideSolutionNode = FALSE
	EndGlobalSection
	GlobalSection(ExtensibilityGlobals) = postSolution
		SolutionGuid = {CED5400A-F984-4790-B63F-89DBA8F104C6}
	EndGlobalSection
EndGlobal
