
Microsoft Visual Studio Solution File, Format Version 12.00
# Visual Studio Version 16
VisualStudioVersion = 16.0.31105.61
MinimumVisualStudioVersion = 10.0.40219.1
Project("{FAE04EC0-301F-11D3-BF4B-00C04F79EFBC}") = "Task_1", "Task_1\Task_1.csproj", "{DA3DBA14-E72B-4775-A5E2-BA68A8A5280E}"
EndProject
Project("{FAE04EC0-301F-11D3-BF4B-00C04F79EFBC}") = "Task_2", "Task_2\Task_2.csproj", "{B7F78C3B-CDBE-42A9-A70C-52F966E956A2}"
EndProject
Project("{FAE04EC0-301F-11D3-BF4B-00C04F79EFBC}") = "Task_3", "Task_3\Task_3.csproj", "{C1B53A2A-4A85-4BA6-A9FC-5D781A0015F6}"
EndProject
Global
	GlobalSection(SolutionConfigurationPlatforms) = preSolution
		Debug|Any CPU = Debug|Any CPU
		Release|Any CPU = Release|Any CPU
	EndGlobalSection
	GlobalSection(ProjectConfigurationPlatforms) = postSolution
		{DA3DBA14-E72B-4775-A5E2-BA68A8A5280E}.Debug|Any CPU.ActiveCfg = Debug|Any CPU
		{DA3DBA14-E72B-4775-A5E2-BA68A8A5280E}.Debug|Any CPU.Build.0 = Debug|Any CPU
		{DA3DBA14-E72B-4775-A5E2-BA68A8A5280E}.Release|Any CPU.ActiveCfg = Release|Any CPU
		{DA3DBA14-E72B-4775-A5E2-BA68A8A5280E}.Release|Any CPU.Build.0 = Release|Any CPU
		{B7F78C3B-CDBE-42A9-A70C-52F966E956A2}.Debug|Any CPU.ActiveCfg = Debug|Any CPU
		{B7F78C3B-CDBE-42A9-A70C-52F966E956A2}.Debug|Any CPU.Build.0 = Debug|Any CPU
		{B7F78C3B-CDBE-42A9-A70C-52F966E956A2}.Release|Any CPU.ActiveCfg = Release|Any CPU
		{B7F78C3B-CDBE-42A9-A70C-52F966E956A2}.Release|Any CPU.Build.0 = Release|Any CPU
		{C1B53A2A-4A85-4BA6-A9FC-5D781A0015F6}.Debug|Any CPU.ActiveCfg = Debug|Any CPU
		{C1B53A2A-4A85-4BA6-A9FC-5D781A0015F6}.Debug|Any CPU.Build.0 = Debug|Any CPU
		{C1B53A2A-4A85-4BA6-A9FC-5D781A0015F6}.Release|Any CPU.ActiveCfg = Release|Any CPU
		{C1B53A2A-4A85-4BA6-A9FC-5D781A0015F6}.Release|Any CPU.Build.0 = Release|Any CPU
	EndGlobalSection
	GlobalSection(SolutionProperties) = preSolution
		HideSolutionNode = FALSE
	EndGlobalSection
	GlobalSection(ExtensibilityGlobals) = postSolution
		SolutionGuid = {47664AF8-4EDE-42E4-88F6-6B24BF097117}
	EndGlobalSection
EndGlobal
