
Microsoft Visual Studio Solution File, Format Version 12.00
# Visual Studio Version 16
VisualStudioVersion = 16.0.31105.61
MinimumVisualStudioVersion = 10.0.40219.1
Project("{FAE04EC0-301F-11D3-BF4B-00C04F79EFBC}") = "FinalPro", "FinalPro\FinalPro.csproj", "{7DF791F6-DF98-4429-9DA2-A96797BE6266}"
EndProject
Global
	GlobalSection(SolutionConfigurationPlatforms) = preSolution
		Debug|Any CPU = Debug|Any CPU
		Release|Any CPU = Release|Any CPU
	EndGlobalSection
	GlobalSection(ProjectConfigurationPlatforms) = postSolution
		{7DF791F6-DF98-4429-9DA2-A96797BE6266}.Debug|Any CPU.ActiveCfg = Debug|Any CPU
		{7DF791F6-DF98-4429-9DA2-A96797BE6266}.Debug|Any CPU.Build.0 = Debug|Any CPU
		{7DF791F6-DF98-4429-9DA2-A96797BE6266}.Release|Any CPU.ActiveCfg = Release|Any CPU
		{7DF791F6-DF98-4429-9DA2-A96797BE6266}.Release|Any CPU.Build.0 = Release|Any CPU
	EndGlobalSection
	GlobalSection(SolutionProperties) = preSolution
		HideSolutionNode = FALSE
	EndGlobalSection
	GlobalSection(ExtensibilityGlobals) = postSolution
		SolutionGuid = {645B51A9-E1C2-4BE7-8F62-AFA7A92623F6}
	EndGlobalSection
EndGlobal
